PODS:
  - SwiftCheckboxDialog (1.0.0)

DEPENDENCIES:
  - SwiftCheckboxDialog (from `../`)

EXTERNAL SOURCES:
  SwiftCheckboxDialog:
    :path: "../"

SPEC CHECKSUMS:
  SwiftCheckboxDialog: 5c88303731c8f4d60d937730702e700edf50304e

PODFILE CHECKSUM: fa89d189059622df79d0a3d8f6f14c6057ccab12

COCOAPODS: 1.1.1
