PODS:
  - SwiftCheckboxDialog (1.0.0)

DEPENDENCIES:
  - SwiftCheckboxDialog (from `../`)

EXTERNAL SOURCES:
  SwiftCheckboxDialog:
    :path: "../"

SPEC CHECKSUMS:
  SwiftCheckboxDialog: 63f5e1f156707c37c29229d598646133194e989d

PODFILE CHECKSUM: 5f725718c91578778ca1d3374c7ca3e570918a6a

COCOAPODS: 1.5.3
